
Microsoft Visual Studio Solution File, Format Version 12.00
# Visual Studio Version 17
VisualStudioVersion = 17.7.34024.191
MinimumVisualStudioVersion = 10.0.40219.1
Project("{FAE04EC0-301F-11D3-BF4B-00C04F79EFBC}") = "At_C#_2023", "At_C#_2023.csproj", "{ED023DEA-6AE0-4D52-AFE9-8AB15EB0C33A}"
EndProject
Global
	GlobalSection(SolutionConfigurationPlatforms) = preSolution
		Debug|Any CPU = Debug|Any CPU
		Release|Any CPU = Release|Any CPU
	EndGlobalSection
	GlobalSection(ProjectConfigurationPlatforms) = postSolution
		{ED023DEA-6AE0-4D52-AFE9-8AB15EB0C33A}.Debug|Any CPU.ActiveCfg = Debug|Any CPU
		{ED023DEA-6AE0-4D52-AFE9-8AB15EB0C33A}.Debug|Any CPU.Build.0 = Debug|Any CPU
		{ED023DEA-6AE0-4D52-AFE9-8AB15EB0C33A}.Release|Any CPU.ActiveCfg = Release|Any CPU
		{ED023DEA-6AE0-4D52-AFE9-8AB15EB0C33A}.Release|Any CPU.Build.0 = Release|Any CPU
	EndGlobalSection
	GlobalSection(SolutionProperties) = preSolution
		HideSolutionNode = FALSE
	EndGlobalSection
	GlobalSection(ExtensibilityGlobals) = postSolution
		SolutionGuid = {C1AA355E-5653-483A-9201-216477FDC6A0}
	EndGlobalSection
EndGlobal
